
Microsoft Visual Studio Solution File, Format Version 12.00
# Visual Studio Version 16
VisualStudioVersion = 16.0.30517.126
MinimumVisualStudioVersion = 10.0.40219.1
Project("{9A19103F-16F7-4668-BE54-9A1E7A4F7556}") = "CPRG214.Properties.Domain", "CPRG214.Properties.Domain\CPRG214.Properties.Domain.csproj", "{B762B0B3-91ED-4D68-A514-764D7B6D5026}"
EndProject
Project("{9A19103F-16F7-4668-BE54-9A1E7A4F7556}") = "CPRG214.Properties.Data", "CPRG214.Properties.Data\CPRG214.Properties.Data.csproj", "{F92D3CE6-EC81-4C3D-8E1B-DBE3ED8A4CDC}"
EndProject
Project("{9A19103F-16F7-4668-BE54-9A1E7A4F7556}") = "CPRG214.Properties.Business", "CPRG214.Properties.Business\CPRG214.Properties.Business.csproj", "{C08D809E-89C1-40D5-ACCC-683B6B10A1A2}"
EndProject
Project("{FAE04EC0-301F-11D3-BF4B-00C04F79EFBC}") = "CPRG214.Properties.Presentation", "CPRG214.Properties.Presentation\CPRG214.Properties.Presentation.csproj", "{7A235AC1-9388-432C-BA9D-9335C79111F7}"
EndProject
Global
	GlobalSection(SolutionConfigurationPlatforms) = preSolution
		Debug|Any CPU = Debug|Any CPU
		Release|Any CPU = Release|Any CPU
	EndGlobalSection
	GlobalSection(ProjectConfigurationPlatforms) = postSolution
		{B762B0B3-91ED-4D68-A514-764D7B6D5026}.Debug|Any CPU.ActiveCfg = Debug|Any CPU
		{B762B0B3-91ED-4D68-A514-764D7B6D5026}.Debug|Any CPU.Build.0 = Debug|Any CPU
		{B762B0B3-91ED-4D68-A514-764D7B6D5026}.Release|Any CPU.ActiveCfg = Release|Any CPU
		{B762B0B3-91ED-4D68-A514-764D7B6D5026}.Release|Any CPU.Build.0 = Release|Any CPU
		{F92D3CE6-EC81-4C3D-8E1B-DBE3ED8A4CDC}.Debug|Any CPU.ActiveCfg = Debug|Any CPU
		{F92D3CE6-EC81-4C3D-8E1B-DBE3ED8A4CDC}.Debug|Any CPU.Build.0 = Debug|Any CPU
		{F92D3CE6-EC81-4C3D-8E1B-DBE3ED8A4CDC}.Release|Any CPU.ActiveCfg = Release|Any CPU
		{F92D3CE6-EC81-4C3D-8E1B-DBE3ED8A4CDC}.Release|Any CPU.Build.0 = Release|Any CPU
		{C08D809E-89C1-40D5-ACCC-683B6B10A1A2}.Debug|Any CPU.ActiveCfg = Debug|Any CPU
		{C08D809E-89C1-40D5-ACCC-683B6B10A1A2}.Debug|Any CPU.Build.0 = Debug|Any CPU
		{C08D809E-89C1-40D5-ACCC-683B6B10A1A2}.Release|Any CPU.ActiveCfg = Release|Any CPU
		{C08D809E-89C1-40D5-ACCC-683B6B10A1A2}.Release|Any CPU.Build.0 = Release|Any CPU
		{7A235AC1-9388-432C-BA9D-9335C79111F7}.Debug|Any CPU.ActiveCfg = Debug|Any CPU
		{7A235AC1-9388-432C-BA9D-9335C79111F7}.Debug|Any CPU.Build.0 = Debug|Any CPU
		{7A235AC1-9388-432C-BA9D-9335C79111F7}.Release|Any CPU.ActiveCfg = Release|Any CPU
		{7A235AC1-9388-432C-BA9D-9335C79111F7}.Release|Any CPU.Build.0 = Release|Any CPU
	EndGlobalSection
	GlobalSection(SolutionProperties) = preSolution
		HideSolutionNode = FALSE
	EndGlobalSection
	GlobalSection(ExtensibilityGlobals) = postSolution
		SolutionGuid = {467B2EEB-D1AE-4DAF-B9BA-012FEF71B903}
	EndGlobalSection
EndGlobal
